
Microsoft Visual Studio Solution File, Format Version 12.00
# Visual Studio Version 16
VisualStudioVersion = 16.0.30002.166
MinimumVisualStudioVersion = 10.0.40219.1
Project("{FAE04EC0-301F-11D3-BF4B-00C04F79EFBC}") = "Snake", "Snake\Snake.csproj", "{2F1222E3-775F-4367-8247-FF776FBB7D8A}"
EndProject
Global
	GlobalSection(SolutionConfigurationPlatforms) = preSolution
		Debug|Any CPU = Debug|Any CPU
		Release|Any CPU = Release|Any CPU
	EndGlobalSection
	GlobalSection(ProjectConfigurationPlatforms) = postSolution
		{2F1222E3-775F-4367-8247-FF776FBB7D8A}.Debug|Any CPU.ActiveCfg = Debug|Any CPU
		{2F1222E3-775F-4367-8247-FF776FBB7D8A}.Debug|Any CPU.Build.0 = Debug|Any CPU
		{2F1222E3-775F-4367-8247-FF776FBB7D8A}.Release|Any CPU.ActiveCfg = Release|Any CPU
		{2F1222E3-775F-4367-8247-FF776FBB7D8A}.Release|Any CPU.Build.0 = Release|Any CPU
	EndGlobalSection
	GlobalSection(SolutionProperties) = preSolution
		HideSolutionNode = FALSE
	EndGlobalSection
	GlobalSection(ExtensibilityGlobals) = postSolution
		SolutionGuid = {F8E2D331-C1AA-42DE-88C1-EC7382CA2BAC}
	EndGlobalSection
EndGlobal
